
Microsoft Visual Studio Solution File, Format Version 12.00
Project("{2150E333-8FDC-42A3-9474-1A3956D46DE8}") = "src", "src", "{7022A2C5-7B02-4D9B-BF9B-02AAC2FC03D4}"
EndProject
Project("{2150E333-8FDC-42A3-9474-1A3956D46DE8}") = "Controls", "Controls", "{F6216314-0012-4CF0-BF38-D25719010F96}"
EndProject
Project("{2150E333-8FDC-42A3-9474-1A3956D46DE8}") = "Styles", "Styles", "{F96D98E0-2761-44E4-A246-E6FB375D8FC7}"
EndProject
Project("{FAE04EC0-301F-11D3-BF4B-00C04F79EFBC}") = "MarbleUI.Controls", "src\Controls\MarbleUI.Controls\MarbleUI.Controls.csproj", "{742BE386-471E-4695-BB37-BADA06225825}"
EndProject
Project("{FAE04EC0-301F-11D3-BF4B-00C04F79EFBC}") = "MarbleUi.Styles.Default.Light", "src\Styles\MarbleUi.Styles.Default.Light\MarbleUi.Styles.Default.Light.csproj", "{52F56283-72CD-4D98-A634-4C643A90887F}"
EndProject
Project("{2150E333-8FDC-42A3-9474-1A3956D46DE8}") = "Demo/Apps", "Demo/Apps", "{BCA36EA6-D40C-4D42-A096-44EAD00A4EEC}"
EndProject
Project("{2150E333-8FDC-42A3-9474-1A3956D46DE8}") = "MarbleUI.ShowCase", "MarbleUI.ShowCase", "{FC7614F8-4F58-4688-A3E6-5F99CCFFD78F}"
EndProject
Project("{FAE04EC0-301F-11D3-BF4B-00C04F79EFBC}") = "MarbleUI.ShowCase", "src\Demo\Apps\MarbleUI.ShowCase\MarbleUI.ShowCase.csproj", "{7753601C-7F8E-4EB9-8E35-9E86F7067450}"
EndProject
Global
	GlobalSection(SolutionConfigurationPlatforms) = preSolution
		Debug|Any CPU = Debug|Any CPU
		Release|Any CPU = Release|Any CPU
	EndGlobalSection
	GlobalSection(NestedProjects) = preSolution
		{F6216314-0012-4CF0-BF38-D25719010F96} = {7022A2C5-7B02-4D9B-BF9B-02AAC2FC03D4}
		{F96D98E0-2761-44E4-A246-E6FB375D8FC7} = {7022A2C5-7B02-4D9B-BF9B-02AAC2FC03D4}
		{742BE386-471E-4695-BB37-BADA06225825} = {F6216314-0012-4CF0-BF38-D25719010F96}
		{52F56283-72CD-4D98-A634-4C643A90887F} = {F96D98E0-2761-44E4-A246-E6FB375D8FC7}
		{BCA36EA6-D40C-4D42-A096-44EAD00A4EEC} = {7022A2C5-7B02-4D9B-BF9B-02AAC2FC03D4}
		{FC7614F8-4F58-4688-A3E6-5F99CCFFD78F} = {BCA36EA6-D40C-4D42-A096-44EAD00A4EEC}
		{7753601C-7F8E-4EB9-8E35-9E86F7067450} = {FC7614F8-4F58-4688-A3E6-5F99CCFFD78F}
	EndGlobalSection
	GlobalSection(ProjectConfigurationPlatforms) = postSolution
		{742BE386-471E-4695-BB37-BADA06225825}.Debug|Any CPU.ActiveCfg = Debug|Any CPU
		{742BE386-471E-4695-BB37-BADA06225825}.Debug|Any CPU.Build.0 = Debug|Any CPU
		{742BE386-471E-4695-BB37-BADA06225825}.Release|Any CPU.ActiveCfg = Release|Any CPU
		{742BE386-471E-4695-BB37-BADA06225825}.Release|Any CPU.Build.0 = Release|Any CPU
		{52F56283-72CD-4D98-A634-4C643A90887F}.Debug|Any CPU.ActiveCfg = Debug|Any CPU
		{52F56283-72CD-4D98-A634-4C643A90887F}.Debug|Any CPU.Build.0 = Debug|Any CPU
		{52F56283-72CD-4D98-A634-4C643A90887F}.Release|Any CPU.ActiveCfg = Release|Any CPU
		{52F56283-72CD-4D98-A634-4C643A90887F}.Release|Any CPU.Build.0 = Release|Any CPU
		{7753601C-7F8E-4EB9-8E35-9E86F7067450}.Debug|Any CPU.ActiveCfg = Debug|Any CPU
		{7753601C-7F8E-4EB9-8E35-9E86F7067450}.Debug|Any CPU.Build.0 = Debug|Any CPU
		{7753601C-7F8E-4EB9-8E35-9E86F7067450}.Release|Any CPU.ActiveCfg = Release|Any CPU
		{7753601C-7F8E-4EB9-8E35-9E86F7067450}.Release|Any CPU.Build.0 = Release|Any CPU
	EndGlobalSection
EndGlobal
