
Microsoft Visual Studio Solution File, Format Version 12.00
# Visual Studio Version 16
VisualStudioVersion = 16.0.32802.440
MinimumVisualStudioVersion = 10.0.40219.1
Project("{2150E333-8FDC-42A3-9474-1A3956D46DE8}") = "src", "src", "{7022A2C5-7B02-4D9B-BF9B-02AAC2FC03D4}"
EndProject
Project("{2150E333-8FDC-42A3-9474-1A3956D46DE8}") = "Controls", "Controls", "{F6216314-0012-4CF0-BF38-D25719010F96}"
EndProject
Project("{2150E333-8FDC-42A3-9474-1A3956D46DE8}") = "Styles", "Styles", "{F96D98E0-2761-44E4-A246-E6FB375D8FC7}"
EndProject
Project("{9A19103F-16F7-4668-BE54-9A1E7A4F7556}") = "MarbleUI.Controls", "src\Controls\MarbleUI.Controls\MarbleUI.Controls.csproj", "{742BE386-471E-4695-BB37-BADA06225825}"
EndProject
Project("{9A19103F-16F7-4668-BE54-9A1E7A4F7556}") = "MarbleUi.Styles.Default.Light", "src\Styles\MarbleUi.Styles.Default.Light\MarbleUi.Styles.Default.Light.csproj", "{52F56283-72CD-4D98-A634-4C643A90887F}"
EndProject
Project("{9A19103F-16F7-4668-BE54-9A1E7A4F7556}") = "MarbleUI.ShowCase", "src\Demo\Apps\MarbleUI.ShowCase\MarbleUI.ShowCase.csproj", "{E7A3AFD8-235C-4C26-8F67-A57E10ED3B15}"
EndProject
Project("{2150E333-8FDC-42A3-9474-1A3956D46DE8}") = "Demo", "Demo", "{DF2F913D-B23A-41B5-B564-0EE5677B9C6E}"
EndProject
Project("{2150E333-8FDC-42A3-9474-1A3956D46DE8}") = "Apps", "Apps", "{B5DAE0EB-BC08-4CD8-A6A7-85F8ADB5360C}"
EndProject
Project("{FAE04EC0-301F-11D3-BF4B-00C04F79EFBC}") = "MarbleUi.Styles.Default.Dark", "src\Styles\MarbleUi.Styles.Default.Dark\MarbleUi.Styles.Default.Dark.csproj", "{0DAB83DA-0A0C-4D4E-B81D-D980E46A6F35}"
EndProject
Global
	GlobalSection(SolutionConfigurationPlatforms) = preSolution
		Debug|Any CPU = Debug|Any CPU
		Release|Any CPU = Release|Any CPU
	EndGlobalSection
	GlobalSection(ProjectConfigurationPlatforms) = postSolution
		{742BE386-471E-4695-BB37-BADA06225825}.Debug|Any CPU.ActiveCfg = Debug|Any CPU
		{742BE386-471E-4695-BB37-BADA06225825}.Debug|Any CPU.Build.0 = Debug|Any CPU
		{742BE386-471E-4695-BB37-BADA06225825}.Release|Any CPU.ActiveCfg = Release|Any CPU
		{742BE386-471E-4695-BB37-BADA06225825}.Release|Any CPU.Build.0 = Release|Any CPU
		{52F56283-72CD-4D98-A634-4C643A90887F}.Debug|Any CPU.ActiveCfg = Debug|Any CPU
		{52F56283-72CD-4D98-A634-4C643A90887F}.Debug|Any CPU.Build.0 = Debug|Any CPU
		{52F56283-72CD-4D98-A634-4C643A90887F}.Release|Any CPU.ActiveCfg = Release|Any CPU
		{52F56283-72CD-4D98-A634-4C643A90887F}.Release|Any CPU.Build.0 = Release|Any CPU
		{E7A3AFD8-235C-4C26-8F67-A57E10ED3B15}.Debug|Any CPU.ActiveCfg = Debug|Any CPU
		{E7A3AFD8-235C-4C26-8F67-A57E10ED3B15}.Debug|Any CPU.Build.0 = Debug|Any CPU
		{E7A3AFD8-235C-4C26-8F67-A57E10ED3B15}.Release|Any CPU.ActiveCfg = Release|Any CPU
		{E7A3AFD8-235C-4C26-8F67-A57E10ED3B15}.Release|Any CPU.Build.0 = Release|Any CPU
		{0DAB83DA-0A0C-4D4E-B81D-D980E46A6F35}.Debug|Any CPU.ActiveCfg = Debug|Any CPU
		{0DAB83DA-0A0C-4D4E-B81D-D980E46A6F35}.Debug|Any CPU.Build.0 = Debug|Any CPU
		{0DAB83DA-0A0C-4D4E-B81D-D980E46A6F35}.Release|Any CPU.ActiveCfg = Release|Any CPU
		{0DAB83DA-0A0C-4D4E-B81D-D980E46A6F35}.Release|Any CPU.Build.0 = Release|Any CPU
	EndGlobalSection
	GlobalSection(SolutionProperties) = preSolution
		HideSolutionNode = FALSE
	EndGlobalSection
	GlobalSection(NestedProjects) = preSolution
		{F6216314-0012-4CF0-BF38-D25719010F96} = {7022A2C5-7B02-4D9B-BF9B-02AAC2FC03D4}
		{F96D98E0-2761-44E4-A246-E6FB375D8FC7} = {7022A2C5-7B02-4D9B-BF9B-02AAC2FC03D4}
		{742BE386-471E-4695-BB37-BADA06225825} = {F6216314-0012-4CF0-BF38-D25719010F96}
		{52F56283-72CD-4D98-A634-4C643A90887F} = {F96D98E0-2761-44E4-A246-E6FB375D8FC7}
		{E7A3AFD8-235C-4C26-8F67-A57E10ED3B15} = {B5DAE0EB-BC08-4CD8-A6A7-85F8ADB5360C}
		{DF2F913D-B23A-41B5-B564-0EE5677B9C6E} = {7022A2C5-7B02-4D9B-BF9B-02AAC2FC03D4}
		{B5DAE0EB-BC08-4CD8-A6A7-85F8ADB5360C} = {DF2F913D-B23A-41B5-B564-0EE5677B9C6E}
		{0DAB83DA-0A0C-4D4E-B81D-D980E46A6F35} = {F96D98E0-2761-44E4-A246-E6FB375D8FC7}
	EndGlobalSection
	GlobalSection(ExtensibilityGlobals) = postSolution
		SolutionGuid = {9094A379-8533-4C57-B0BB-282474DEE3F5}
	EndGlobalSection
EndGlobal
